
Microsoft Visual Studio Solution File, Format Version 12.00
# Visual Studio Version 17
VisualStudioVersion = 17.7.34031.279
MinimumVisualStudioVersion = 10.0.40219.1
Project("{FAE04EC0-301F-11D3-BF4B-00C04F79EFBC}") = "kmakai.ShoppingList.API", "kmakai.ShoppingList.API\kmakai.ShoppingList.API.csproj", "{5953FE78-44F2-43BF-9F4C-460ED18331E3}"
EndProject
Global
	GlobalSection(SolutionConfigurationPlatforms) = preSolution
		Debug|Any CPU = Debug|Any CPU
		Release|Any CPU = Release|Any CPU
	EndGlobalSection
	GlobalSection(ProjectConfigurationPlatforms) = postSolution
		{5953FE78-44F2-43BF-9F4C-460ED18331E3}.Debug|Any CPU.ActiveCfg = Debug|Any CPU
		{5953FE78-44F2-43BF-9F4C-460ED18331E3}.Debug|Any CPU.Build.0 = Debug|Any CPU
		{5953FE78-44F2-43BF-9F4C-460ED18331E3}.Release|Any CPU.ActiveCfg = Release|Any CPU
		{5953FE78-44F2-43BF-9F4C-460ED18331E3}.Release|Any CPU.Build.0 = Release|Any CPU
	EndGlobalSection
	GlobalSection(SolutionProperties) = preSolution
		HideSolutionNode = FALSE
	EndGlobalSection
	GlobalSection(ExtensibilityGlobals) = postSolution
		SolutionGuid = {8D07286B-0E98-4B2A-BCDF-D7C3E364FD2D}
	EndGlobalSection
EndGlobal
